
Microsoft Visual Studio Solution File, Format Version 12.00
# Visual Studio 15
VisualStudioVersion = 15.0.26730.8
MinimumVisualStudioVersion = 10.0.40219.1
Project("{9A19103F-16F7-4668-BE54-9A1E7A4F7556}") = "AzureSignTool", "AzureSignTool\AzureSignTool.csproj", "{98E0A863-FE5E-452F-BF05-427F92915D24}"
EndProject
Project("{9A19103F-16F7-4668-BE54-9A1E7A4F7556}") = "AzureSignTool.Tests", "AzureSignTool.Tests\AzureSignTool.Tests.csproj", "{44CE613A-8103-4AFC-8849-FD400B2B2A45}"
EndProject
Global
	GlobalSection(SolutionConfigurationPlatforms) = preSolution
		Debug|Any CPU = Debug|Any CPU
		Release|Any CPU = Release|Any CPU
	EndGlobalSection
	GlobalSection(ProjectConfigurationPlatforms) = postSolution
		{98E0A863-FE5E-452F-BF05-427F92915D24}.Debug|Any CPU.ActiveCfg = Debug|Any CPU
		{98E0A863-FE5E-452F-BF05-427F92915D24}.Debug|Any CPU.Build.0 = Debug|Any CPU
		{98E0A863-FE5E-452F-BF05-427F92915D24}.Release|Any CPU.ActiveCfg = Release|Any CPU
		{98E0A863-FE5E-452F-BF05-427F92915D24}.Release|Any CPU.Build.0 = Release|Any CPU
		{44CE613A-8103-4AFC-8849-FD400B2B2A45}.Debug|Any CPU.ActiveCfg = Debug|Any CPU
		{44CE613A-8103-4AFC-8849-FD400B2B2A45}.Debug|Any CPU.Build.0 = Debug|Any CPU
		{44CE613A-8103-4AFC-8849-FD400B2B2A45}.Release|Any CPU.ActiveCfg = Release|Any CPU
		{44CE613A-8103-4AFC-8849-FD400B2B2A45}.Release|Any CPU.Build.0 = Release|Any CPU
	EndGlobalSection
	GlobalSection(SolutionProperties) = preSolution
		HideSolutionNode = FALSE
	EndGlobalSection
	GlobalSection(ExtensibilityGlobals) = postSolution
		SolutionGuid = {85A8D627-D6E8-4F32-93B9-C22C35F7FEC1}
	EndGlobalSection
EndGlobal
